
Microsoft Visual Studio Solution File, Format Version 12.00
# Visual Studio Version 17
VisualStudioVersion = 17.8.34322.80
MinimumVisualStudioVersion = 10.0.40219.1
Project("{FAE04EC0-301F-11D3-BF4B-00C04F79EFBC}") = "MyBlog", "MyBlog.csproj", "{E60FA9AD-BFEB-4E68-AFB9-7348A8326FF0}"
EndProject
Project("{FAE04EC0-301F-11D3-BF4B-00C04F79EFBC}") = "MyBlog.DAL", "..\MyBlog.DAL\MyBlog.DAL.csproj", "{C5A8C5CE-C95F-41F3-B488-0ACA87D28C38}"
EndProject
Project("{FAE04EC0-301F-11D3-BF4B-00C04F79EFBC}") = "MyBlog.BLL", "..\MyBlog.BLL\MyBlog.BLL.csproj", "{E1135ED0-301E-4624-9291-BAA182AF0A6C}"
EndProject
Project("{FAE04EC0-301F-11D3-BF4B-00C04F79EFBC}") = "MyBlog.Common", "..\MyBlog.Common\MyBlog.Common.csproj", "{6D338FFA-A45D-4605-A296-08E93704EFF8}"
EndProject
Project("{FAE04EC0-301F-11D3-BF4B-00C04F79EFBC}") = "MyBlog.Model", "..\MyBlog.Model\MyBlog.Model.csproj", "{B2EF8942-2616-4499-85D5-64B00F2E554E}"
EndProject
Global
	GlobalSection(SolutionConfigurationPlatforms) = preSolution
		Debug|Any CPU = Debug|Any CPU
		Release|Any CPU = Release|Any CPU
	EndGlobalSection
	GlobalSection(ProjectConfigurationPlatforms) = postSolution
		{E60FA9AD-BFEB-4E68-AFB9-7348A8326FF0}.Debug|Any CPU.ActiveCfg = Debug|Any CPU
		{E60FA9AD-BFEB-4E68-AFB9-7348A8326FF0}.Debug|Any CPU.Build.0 = Debug|Any CPU
		{E60FA9AD-BFEB-4E68-AFB9-7348A8326FF0}.Release|Any CPU.ActiveCfg = Release|Any CPU
		{E60FA9AD-BFEB-4E68-AFB9-7348A8326FF0}.Release|Any CPU.Build.0 = Release|Any CPU
		{C5A8C5CE-C95F-41F3-B488-0ACA87D28C38}.Debug|Any CPU.ActiveCfg = Debug|Any CPU
		{C5A8C5CE-C95F-41F3-B488-0ACA87D28C38}.Debug|Any CPU.Build.0 = Debug|Any CPU
		{C5A8C5CE-C95F-41F3-B488-0ACA87D28C38}.Release|Any CPU.ActiveCfg = Release|Any CPU
		{C5A8C5CE-C95F-41F3-B488-0ACA87D28C38}.Release|Any CPU.Build.0 = Release|Any CPU
		{E1135ED0-301E-4624-9291-BAA182AF0A6C}.Debug|Any CPU.ActiveCfg = Debug|Any CPU
		{E1135ED0-301E-4624-9291-BAA182AF0A6C}.Debug|Any CPU.Build.0 = Debug|Any CPU
		{E1135ED0-301E-4624-9291-BAA182AF0A6C}.Release|Any CPU.ActiveCfg = Release|Any CPU
		{E1135ED0-301E-4624-9291-BAA182AF0A6C}.Release|Any CPU.Build.0 = Release|Any CPU
		{6D338FFA-A45D-4605-A296-08E93704EFF8}.Debug|Any CPU.ActiveCfg = Debug|Any CPU
		{6D338FFA-A45D-4605-A296-08E93704EFF8}.Debug|Any CPU.Build.0 = Debug|Any CPU
		{6D338FFA-A45D-4605-A296-08E93704EFF8}.Release|Any CPU.ActiveCfg = Release|Any CPU
		{6D338FFA-A45D-4605-A296-08E93704EFF8}.Release|Any CPU.Build.0 = Release|Any CPU
		{B2EF8942-2616-4499-85D5-64B00F2E554E}.Debug|Any CPU.ActiveCfg = Debug|Any CPU
		{B2EF8942-2616-4499-85D5-64B00F2E554E}.Debug|Any CPU.Build.0 = Debug|Any CPU
		{B2EF8942-2616-4499-85D5-64B00F2E554E}.Release|Any CPU.ActiveCfg = Release|Any CPU
		{B2EF8942-2616-4499-85D5-64B00F2E554E}.Release|Any CPU.Build.0 = Release|Any CPU
	EndGlobalSection
	GlobalSection(SolutionProperties) = preSolution
		HideSolutionNode = FALSE
	EndGlobalSection
	GlobalSection(ExtensibilityGlobals) = postSolution
		SolutionGuid = {DFA430B3-61EC-4762-B8A4-55FE9E7E45F0}
	EndGlobalSection
EndGlobal
